
Microsoft Visual Studio Solution File, Format Version 12.00
# Visual Studio Version 17
VisualStudioVersion = 17.8.34511.84
MinimumVisualStudioVersion = 10.0.40219.1
Project("{FAE04EC0-301F-11D3-BF4B-00C04F79EFBC}") = "PowerNotepad-WPF (.net framework)", "PowerNotepad-WPF (.net framework)\PowerNotepad-WPF (.net framework).csproj", "{F64635B5-241A-4595-88C1-92345B754FF3}"
EndProject
Global
	GlobalSection(SolutionConfigurationPlatforms) = preSolution
		Debug|Any CPU = Debug|Any CPU
		Release|Any CPU = Release|Any CPU
	EndGlobalSection
	GlobalSection(ProjectConfigurationPlatforms) = postSolution
		{F64635B5-241A-4595-88C1-92345B754FF3}.Debug|Any CPU.ActiveCfg = Debug|Any CPU
		{F64635B5-241A-4595-88C1-92345B754FF3}.Debug|Any CPU.Build.0 = Debug|Any CPU
		{F64635B5-241A-4595-88C1-92345B754FF3}.Release|Any CPU.ActiveCfg = Release|Any CPU
		{F64635B5-241A-4595-88C1-92345B754FF3}.Release|Any CPU.Build.0 = Release|Any CPU
	EndGlobalSection
	GlobalSection(SolutionProperties) = preSolution
		HideSolutionNode = FALSE
	EndGlobalSection
	GlobalSection(ExtensibilityGlobals) = postSolution
		SolutionGuid = {E88ED3EB-9AAC-4829-BBC8-D89536BC094E}
	EndGlobalSection
EndGlobal
